// !$*UTF8*$!
{
	archiveVersion = 1;
	classes = {
	};
	objectVersion = 60;
	objects = {

/* Begin PBXBuildFile section */
		63A7DD5B2C1DAAC600C2F9D2 /* AppDelegate.swift in Sources */ = {isa = PBXBuildFile; fileRef = 63A7DD5A2C1DAAC600C2F9D2 /* AppDelegate.swift */; };
		63A7DD5D2C1DAAC600C2F9D2 /* SceneDelegate.swift in Sources */ = {isa = PBXBuildFile; fileRef = 63A7DD5C2C1DAAC600C2F9D2 /* SceneDelegate.swift */; };
		63A7DD5F2C1DAAC600C2F9D2 /* EmptyViewController.swift in Sources */ = {isa = PBXBuildFile; fileRef = 63A7DD5E2C1DAAC600C2F9D2 /* EmptyViewController.swift */; };
		63A7DD642C1DAAC700C2F9D2 /* Assets.xcassets in Resources */ = {isa = PBXBuildFile; fileRef = 63A7DD632C1DAAC700C2F9D2 /* Assets.xcassets */; };
		63A7DD672C1DAAC700C2F9D2 /* Base in Resources */ = {isa = PBXBuildFile; fileRef = 63A7DD662C1DAAC700C2F9D2 /* Base */; };
		63A7DD722C1DAAC700C2F9D2 /* ListingLeboncoinTests.swift in Sources */ = {isa = PBXBuildFile; fileRef = 63A7DD712C1DAAC700C2F9D2 /* ListingLeboncoinTests.swift */; };
		63A7DD902C1DC8C700C2F9D2 /* NetworkClient.swift in Sources */ = {isa = PBXBuildFile; fileRef = 63A7DD8F2C1DC8C500C2F9D2 /* NetworkClient.swift */; };
		63A7DD922C1DC8F700C2F9D2 /* URLSessionNetworkClient.swift in Sources */ = {isa = PBXBuildFile; fileRef = 63A7DD912C1DC8F700C2F9D2 /* URLSessionNetworkClient.swift */; };
		63A7DD972C1DEDC400C2F9D2 /* ImagesURL.swift in Sources */ = {isa = PBXBuildFile; fileRef = 63A7DD962C1DEDC400C2F9D2 /* ImagesURL.swift */; };
		63A7DD992C1DEDD600C2F9D2 /* ClassifiedAddDataModel.swift in Sources */ = {isa = PBXBuildFile; fileRef = 63A7DD982C1DEDD600C2F9D2 /* ClassifiedAddDataModel.swift */; };
		63A7DD9B2C1DEDEC00C2F9D2 /* CategoryDataModel.swift in Sources */ = {isa = PBXBuildFile; fileRef = 63A7DD9A2C1DEDEC00C2F9D2 /* CategoryDataModel.swift */; };
		63A7DD9E2C1DEF4500C2F9D2 /* ListingDataSource.swift in Sources */ = {isa = PBXBuildFile; fileRef = 63A7DD9D2C1DEF4500C2F9D2 /* ListingDataSource.swift */; };
		63A7DDA02C1DEF5800C2F9D2 /* RemoteListingDataSource.swift in Sources */ = {isa = PBXBuildFile; fileRef = 63A7DD9F2C1DEF5800C2F9D2 /* RemoteListingDataSource.swift */; };
		63DEECEF2C1DF7F800E003B4 /* CategoriesDataSource.swift in Sources */ = {isa = PBXBuildFile; fileRef = 63DEECEE2C1DF7F800E003B4 /* CategoriesDataSource.swift */; };
		63DEECF12C1DFDAD00E003B4 /* ListingRepository.swift in Sources */ = {isa = PBXBuildFile; fileRef = 63DEECF02C1DFDAD00E003B4 /* ListingRepository.swift */; };
		63DEECF32C1DFEAC00E003B4 /* ClassifiedAddDomainModel.swift in Sources */ = {isa = PBXBuildFile; fileRef = 63DEECF22C1DFEAC00E003B4 /* ClassifiedAddDomainModel.swift */; };
		63DEECF62C1E079700E003B4 /* ClassifiedAddsDomainMapper.swift in Sources */ = {isa = PBXBuildFile; fileRef = 63DEECF52C1E079700E003B4 /* ClassifiedAddsDomainMapper.swift */; };
		63DEECFA2C1E36D100E003B4 /* ListingViewController.swift in Sources */ = {isa = PBXBuildFile; fileRef = 63DEECF92C1E36D100E003B4 /* ListingViewController.swift */; };
		63DEECFC2C1F394400E003B4 /* AppSplitViewController.swift in Sources */ = {isa = PBXBuildFile; fileRef = 63DEECFB2C1F394400E003B4 /* AppSplitViewController.swift */; };
		63DEECFE2C20E22700E003B4 /* ClassifiedAddViewController.swift in Sources */ = {isa = PBXBuildFile; fileRef = 63DEECFD2C20E22700E003B4 /* ClassifiedAddViewController.swift */; };
		63DEED012C20F81100E003B4 /* ListingViewModel.swift in Sources */ = {isa = PBXBuildFile; fileRef = 63DEED002C20F81100E003B4 /* ListingViewModel.swift */; };
		63DEED042C20FA4200E003B4 /* ListingLoadedCollectionViewController.swift in Sources */ = {isa = PBXBuildFile; fileRef = 63DEED032C20FA4200E003B4 /* ListingLoadedCollectionViewController.swift */; };
		63DEED0B2C2108D500E003B4 /* ClassifiedAddCollectionViewCell.swift in Sources */ = {isa = PBXBuildFile; fileRef = 63DEED0A2C2108D500E003B4 /* ClassifiedAddCollectionViewCell.swift */; };
		63DEED0D2C211EED00E003B4 /* ListingUseCase.swift in Sources */ = {isa = PBXBuildFile; fileRef = 63DEED0C2C211EED00E003B4 /* ListingUseCase.swift */; };
		63DEED0F2C2127C800E003B4 /* ClassifiedAddUIModel.swift in Sources */ = {isa = PBXBuildFile; fileRef = 63DEED0E2C2127C800E003B4 /* ClassifiedAddUIModel.swift */; };
		63DEED122C21BA5700E003B4 /* ClassifiedAddCollectionViewModelCell.swift in Sources */ = {isa = PBXBuildFile; fileRef = 63DEED112C21BA5700E003B4 /* ClassifiedAddCollectionViewModelCell.swift */; };
		63DEED142C21BF5000E003B4 /* RemoteCategoriesDataSource.swift in Sources */ = {isa = PBXBuildFile; fileRef = 63DEED132C21BF5000E003B4 /* RemoteCategoriesDataSource.swift */; };
		63DEED172C21BF9C00E003B4 /* ImageDataSource.swift in Sources */ = {isa = PBXBuildFile; fileRef = 63DEED162C21BF9700E003B4 /* ImageDataSource.swift */; };
		63DEED192C21BFCF00E003B4 /* RemoteImageDataSource.swift in Sources */ = {isa = PBXBuildFile; fileRef = 63DEED182C21BFCF00E003B4 /* RemoteImageDataSource.swift */; };
		63DEED1B2C21C17200E003B4 /* ImageRepository.swift in Sources */ = {isa = PBXBuildFile; fileRef = 63DEED1A2C21C17200E003B4 /* ImageRepository.swift */; };
		63DEED1D2C21C20600E003B4 /* ImageUseCase.swift in Sources */ = {isa = PBXBuildFile; fileRef = 63DEED1C2C21C20600E003B4 /* ImageUseCase.swift */; };
/* End PBXBuildFile section */

/* Begin PBXContainerItemProxy section */
		63A7DD6E2C1DAAC700C2F9D2 /* PBXContainerItemProxy */ = {
			isa = PBXContainerItemProxy;
			containerPortal = 63A7DD4F2C1DAAC600C2F9D2 /* Project object */;
			proxyType = 1;
			remoteGlobalIDString = 63A7DD562C1DAAC600C2F9D2;
			remoteInfo = ListingLeboncoin;
		};
/* End PBXContainerItemProxy section */

/* Begin PBXFileReference section */
		63A7DD572C1DAAC600C2F9D2 /* ListingLeboncoin.app */ = {isa = PBXFileReference; explicitFileType = wrapper.application; includeInIndex = 0; path = ListingLeboncoin.app; sourceTree = BUILT_PRODUCTS_DIR; };
		63A7DD5A2C1DAAC600C2F9D2 /* AppDelegate.swift */ = {isa = PBXFileReference; lastKnownFileType = sourcecode.swift; path = AppDelegate.swift; sourceTree = "<group>"; };
		63A7DD5C2C1DAAC600C2F9D2 /* SceneDelegate.swift */ = {isa = PBXFileReference; lastKnownFileType = sourcecode.swift; path = SceneDelegate.swift; sourceTree = "<group>"; };
		63A7DD5E2C1DAAC600C2F9D2 /* EmptyViewController.swift */ = {isa = PBXFileReference; lastKnownFileType = sourcecode.swift; path = EmptyViewController.swift; sourceTree = "<group>"; };
		63A7DD632C1DAAC700C2F9D2 /* Assets.xcassets */ = {isa = PBXFileReference; lastKnownFileType = folder.assetcatalog; path = Assets.xcassets; sourceTree = "<group>"; };
		63A7DD662C1DAAC700C2F9D2 /* Base */ = {isa = PBXFileReference; lastKnownFileType = file.storyboard; name = Base; path = Base.lproj/LaunchScreen.storyboard; sourceTree = "<group>"; };
		63A7DD682C1DAAC700C2F9D2 /* Info.plist */ = {isa = PBXFileReference; lastKnownFileType = text.plist.xml; path = Info.plist; sourceTree = "<group>"; };
		63A7DD6D2C1DAAC700C2F9D2 /* ListingLeboncoinTests.xctest */ = {isa = PBXFileReference; explicitFileType = wrapper.cfbundle; includeInIndex = 0; path = ListingLeboncoinTests.xctest; sourceTree = BUILT_PRODUCTS_DIR; };
		63A7DD712C1DAAC700C2F9D2 /* ListingLeboncoinTests.swift */ = {isa = PBXFileReference; lastKnownFileType = sourcecode.swift; path = ListingLeboncoinTests.swift; sourceTree = "<group>"; };
		63A7DD8A2C1DAC4D00C2F9D2 /* ListingLeboncoin.xctestplan */ = {isa = PBXFileReference; lastKnownFileType = text; path = ListingLeboncoin.xctestplan; sourceTree = "<group>"; };
		63A7DD8F2C1DC8C500C2F9D2 /* NetworkClient.swift */ = {isa = PBXFileReference; lastKnownFileType = sourcecode.swift; path = NetworkClient.swift; sourceTree = "<group>"; };
		63A7DD912C1DC8F700C2F9D2 /* URLSessionNetworkClient.swift */ = {isa = PBXFileReference; lastKnownFileType = sourcecode.swift; path = URLSessionNetworkClient.swift; sourceTree = "<group>"; };
		63A7DD962C1DEDC400C2F9D2 /* ImagesURL.swift */ = {isa = PBXFileReference; lastKnownFileType = sourcecode.swift; path = ImagesURL.swift; sourceTree = "<group>"; };
		63A7DD982C1DEDD600C2F9D2 /* ClassifiedAddDataModel.swift */ = {isa = PBXFileReference; lastKnownFileType = sourcecode.swift; path = ClassifiedAddDataModel.swift; sourceTree = "<group>"; };
		63A7DD9A2C1DEDEC00C2F9D2 /* CategoryDataModel.swift */ = {isa = PBXFileReference; lastKnownFileType = sourcecode.swift; path = CategoryDataModel.swift; sourceTree = "<group>"; };
		63A7DD9D2C1DEF4500C2F9D2 /* ListingDataSource.swift */ = {isa = PBXFileReference; lastKnownFileType = sourcecode.swift; path = ListingDataSource.swift; sourceTree = "<group>"; };
		63A7DD9F2C1DEF5800C2F9D2 /* RemoteListingDataSource.swift */ = {isa = PBXFileReference; lastKnownFileType = sourcecode.swift; path = RemoteListingDataSource.swift; sourceTree = "<group>"; };
		63DEECEE2C1DF7F800E003B4 /* CategoriesDataSource.swift */ = {isa = PBXFileReference; lastKnownFileType = sourcecode.swift; path = CategoriesDataSource.swift; sourceTree = "<group>"; };
		63DEECF02C1DFDAD00E003B4 /* ListingRepository.swift */ = {isa = PBXFileReference; lastKnownFileType = sourcecode.swift; path = ListingRepository.swift; sourceTree = "<group>"; };
		63DEECF22C1DFEAC00E003B4 /* ClassifiedAddDomainModel.swift */ = {isa = PBXFileReference; lastKnownFileType = sourcecode.swift; path = ClassifiedAddDomainModel.swift; sourceTree = "<group>"; };
		63DEECF52C1E079700E003B4 /* ClassifiedAddsDomainMapper.swift */ = {isa = PBXFileReference; lastKnownFileType = sourcecode.swift; path = ClassifiedAddsDomainMapper.swift; sourceTree = "<group>"; };
		63DEECF92C1E36D100E003B4 /* ListingViewController.swift */ = {isa = PBXFileReference; lastKnownFileType = sourcecode.swift; path = ListingViewController.swift; sourceTree = "<group>"; };
		63DEECFB2C1F394400E003B4 /* AppSplitViewController.swift */ = {isa = PBXFileReference; lastKnownFileType = sourcecode.swift; path = AppSplitViewController.swift; sourceTree = "<group>"; };
		63DEECFD2C20E22700E003B4 /* ClassifiedAddViewController.swift */ = {isa = PBXFileReference; lastKnownFileType = sourcecode.swift; path = ClassifiedAddViewController.swift; sourceTree = "<group>"; };
		63DEED002C20F81100E003B4 /* ListingViewModel.swift */ = {isa = PBXFileReference; lastKnownFileType = sourcecode.swift; path = ListingViewModel.swift; sourceTree = "<group>"; };
		63DEED032C20FA4200E003B4 /* ListingLoadedCollectionViewController.swift */ = {isa = PBXFileReference; lastKnownFileType = sourcecode.swift; path = ListingLoadedCollectionViewController.swift; sourceTree = "<group>"; };
		63DEED0A2C2108D500E003B4 /* ClassifiedAddCollectionViewCell.swift */ = {isa = PBXFileReference; lastKnownFileType = sourcecode.swift; path = ClassifiedAddCollectionViewCell.swift; sourceTree = "<group>"; };
		63DEED0C2C211EED00E003B4 /* ListingUseCase.swift */ = {isa = PBXFileReference; lastKnownFileType = sourcecode.swift; path = ListingUseCase.swift; sourceTree = "<group>"; };
		63DEED0E2C2127C800E003B4 /* ClassifiedAddUIModel.swift */ = {isa = PBXFileReference; lastKnownFileType = sourcecode.swift; path = ClassifiedAddUIModel.swift; sourceTree = "<group>"; };
		63DEED112C21BA5700E003B4 /* ClassifiedAddCollectionViewModelCell.swift */ = {isa = PBXFileReference; lastKnownFileType = sourcecode.swift; path = ClassifiedAddCollectionViewModelCell.swift; sourceTree = "<group>"; };
		63DEED132C21BF5000E003B4 /* RemoteCategoriesDataSource.swift */ = {isa = PBXFileReference; lastKnownFileType = sourcecode.swift; path = RemoteCategoriesDataSource.swift; sourceTree = "<group>"; };
		63DEED162C21BF9700E003B4 /* ImageDataSource.swift */ = {isa = PBXFileReference; lastKnownFileType = sourcecode.swift; path = ImageDataSource.swift; sourceTree = "<group>"; };
		63DEED182C21BFCF00E003B4 /* RemoteImageDataSource.swift */ = {isa = PBXFileReference; lastKnownFileType = sourcecode.swift; path = RemoteImageDataSource.swift; sourceTree = "<group>"; };
		63DEED1A2C21C17200E003B4 /* ImageRepository.swift */ = {isa = PBXFileReference; lastKnownFileType = sourcecode.swift; path = ImageRepository.swift; sourceTree = "<group>"; };
		63DEED1C2C21C20600E003B4 /* ImageUseCase.swift */ = {isa = PBXFileReference; lastKnownFileType = sourcecode.swift; path = ImageUseCase.swift; sourceTree = "<group>"; };
/* End PBXFileReference section */

/* Begin PBXFrameworksBuildPhase section */
		63A7DD542C1DAAC600C2F9D2 /* Frameworks */ = {
			isa = PBXFrameworksBuildPhase;
			buildActionMask = 2147483647;
			files = (
			);
			runOnlyForDeploymentPostprocessing = 0;
		};
		63A7DD6A2C1DAAC700C2F9D2 /* Frameworks */ = {
			isa = PBXFrameworksBuildPhase;
			buildActionMask = 2147483647;
			files = (
			);
			runOnlyForDeploymentPostprocessing = 0;
		};
/* End PBXFrameworksBuildPhase section */

/* Begin PBXGroup section */
		63A7DD4E2C1DAAC600C2F9D2 = {
			isa = PBXGroup;
			children = (
				63A7DD592C1DAAC600C2F9D2 /* ListingLeboncoin */,
				63A7DD702C1DAAC700C2F9D2 /* ListingLeboncoinTests */,
				63A7DD582C1DAAC600C2F9D2 /* Products */,
			);
			sourceTree = "<group>";
		};
		63A7DD582C1DAAC600C2F9D2 /* Products */ = {
			isa = PBXGroup;
			children = (
				63A7DD572C1DAAC600C2F9D2 /* ListingLeboncoin.app */,
				63A7DD6D2C1DAAC700C2F9D2 /* ListingLeboncoinTests.xctest */,
			);
			name = Products;
			sourceTree = "<group>";
		};
		63A7DD592C1DAAC600C2F9D2 /* ListingLeboncoin */ = {
			isa = PBXGroup;
			children = (
				63A7DD632C1DAAC700C2F9D2 /* Assets.xcassets */,
				63A7DD5A2C1DAAC600C2F9D2 /* AppDelegate.swift */,
				63A7DD652C1DAAC700C2F9D2 /* LaunchScreen.storyboard */,
				63A7DD5C2C1DAAC600C2F9D2 /* SceneDelegate.swift */,
				63A7DD682C1DAAC700C2F9D2 /* Info.plist */,
				63DEECEC2C1DF5C700E003B4 /* App */,
				63A7DD8E2C1DC39400C2F9D2 /* Networking */,
			);
			path = ListingLeboncoin;
			sourceTree = "<group>";
		};
		63A7DD702C1DAAC700C2F9D2 /* ListingLeboncoinTests */ = {
			isa = PBXGroup;
			children = (
				63A7DD8A2C1DAC4D00C2F9D2 /* ListingLeboncoin.xctestplan */,
				63A7DD712C1DAAC700C2F9D2 /* ListingLeboncoinTests.swift */,
			);
			path = ListingLeboncoinTests;
			sourceTree = "<group>";
		};
		63A7DD8E2C1DC39400C2F9D2 /* Networking */ = {
			isa = PBXGroup;
			children = (
				63A7DD8F2C1DC8C500C2F9D2 /* NetworkClient.swift */,
				63A7DD912C1DC8F700C2F9D2 /* URLSessionNetworkClient.swift */,
			);
			path = Networking;
			sourceTree = "<group>";
		};
		63A7DD942C1DEDA900C2F9D2 /* Data */ = {
			isa = PBXGroup;
			children = (
				63A7DDA12C1DEFAD00C2F9D2 /* DataSources */,
				63A7DD952C1DEDBB00C2F9D2 /* Models */,
			);
			path = Data;
			sourceTree = "<group>";
		};
		63A7DD952C1DEDBB00C2F9D2 /* Models */ = {
			isa = PBXGroup;
			children = (
				63A7DD962C1DEDC400C2F9D2 /* ImagesURL.swift */,
				63A7DD982C1DEDD600C2F9D2 /* ClassifiedAddDataModel.swift */,
				63A7DD9A2C1DEDEC00C2F9D2 /* CategoryDataModel.swift */,
			);
			path = Models;
			sourceTree = "<group>";
		};
		63A7DD9C2C1DEF2F00C2F9D2 /* ListingDataSource */ = {
			isa = PBXGroup;
			children = (
				63A7DD9D2C1DEF4500C2F9D2 /* ListingDataSource.swift */,
				63A7DD9F2C1DEF5800C2F9D2 /* RemoteListingDataSource.swift */,
			);
			path = ListingDataSource;
			sourceTree = "<group>";
		};
		63A7DDA12C1DEFAD00C2F9D2 /* DataSources */ = {
			isa = PBXGroup;
			children = (
				63DEED152C21BF8100E003B4 /* ImageDataSource */,
				63DEECED2C1DF7CF00E003B4 /* CategoriesDataSource */,
				63A7DD9C2C1DEF2F00C2F9D2 /* ListingDataSource */,
			);
			path = DataSources;
			sourceTree = "<group>";
		};
		63A7DDA22C1DEFFA00C2F9D2 /* Domain */ = {
			isa = PBXGroup;
			children = (
				63A7DDA42C1DF0DF00C2F9D2 /* Models */,
				63A7DDA52C1DF0EE00C2F9D2 /* Repositories */,
				63DEECEA2C1DF1E900E003B4 /* UseCases */,
			);
			path = Domain;
			sourceTree = "<group>";
		};
		63A7DDA32C1DF00000C2F9D2 /* Presentation */ = {
			isa = PBXGroup;
			children = (
				63DEED022C20F85700E003B4 /* ClassifiedAdd */,
				63DEECFF2C20F7E600E003B4 /* Listing */,
				63DEED102C2127DB00E003B4 /* Models */,
				63DEECFB2C1F394400E003B4 /* AppSplitViewController.swift */,
				63A7DD5E2C1DAAC600C2F9D2 /* EmptyViewController.swift */,
			);
			path = Presentation;
			sourceTree = "<group>";
		};
		63A7DDA42C1DF0DF00C2F9D2 /* Models */ = {
			isa = PBXGroup;
			children = (
				63DEECF22C1DFEAC00E003B4 /* ClassifiedAddDomainModel.swift */,
			);
			path = Models;
			sourceTree = "<group>";
		};
		63A7DDA52C1DF0EE00C2F9D2 /* Repositories */ = {
			isa = PBXGroup;
			children = (
				63DEECF42C1E075F00E003B4 /* Mappers */,
				63DEECF02C1DFDAD00E003B4 /* ListingRepository.swift */,
				63DEED1A2C21C17200E003B4 /* ImageRepository.swift */,
			);
			path = Repositories;
			sourceTree = "<group>";
		};
		63DEECEA2C1DF1E900E003B4 /* UseCases */ = {
			isa = PBXGroup;
			children = (
				63DEED0C2C211EED00E003B4 /* ListingUseCase.swift */,
				63DEED1C2C21C20600E003B4 /* ImageUseCase.swift */,
			);
			path = UseCases;
			sourceTree = "<group>";
		};
		63DEECEC2C1DF5C700E003B4 /* App */ = {
			isa = PBXGroup;
			children = (
				63A7DD942C1DEDA900C2F9D2 /* Data */,
				63A7DDA22C1DEFFA00C2F9D2 /* Domain */,
				63A7DDA32C1DF00000C2F9D2 /* Presentation */,
			);
			path = App;
			sourceTree = "<group>";
		};
		63DEECED2C1DF7CF00E003B4 /* CategoriesDataSource */ = {
			isa = PBXGroup;
			children = (
				63DEECEE2C1DF7F800E003B4 /* CategoriesDataSource.swift */,
				63DEED132C21BF5000E003B4 /* RemoteCategoriesDataSource.swift */,
			);
			path = CategoriesDataSource;
			sourceTree = "<group>";
		};
		63DEECF42C1E075F00E003B4 /* Mappers */ = {
			isa = PBXGroup;
			children = (
				63DEECF52C1E079700E003B4 /* ClassifiedAddsDomainMapper.swift */,
			);
			path = Mappers;
			sourceTree = "<group>";
		};
		63DEECFF2C20F7E600E003B4 /* Listing */ = {
			isa = PBXGroup;
			children = (
				63DEED092C21088B00E003B4 /* Loading */,
				63DEED082C21088600E003B4 /* Error */,
				63DEED072C21087600E003B4 /* Loaded */,
				63DEECF92C1E36D100E003B4 /* ListingViewController.swift */,
				63DEED002C20F81100E003B4 /* ListingViewModel.swift */,
			);
			path = Listing;
			sourceTree = "<group>";
		};
		63DEED022C20F85700E003B4 /* ClassifiedAdd */ = {
			isa = PBXGroup;
			children = (
				63DEECFD2C20E22700E003B4 /* ClassifiedAddViewController.swift */,
			);
			path = ClassifiedAdd;
			sourceTree = "<group>";
		};
		63DEED072C21087600E003B4 /* Loaded */ = {
			isa = PBXGroup;
			children = (
				63DEED032C20FA4200E003B4 /* ListingLoadedCollectionViewController.swift */,
				63DEED0A2C2108D500E003B4 /* ClassifiedAddCollectionViewCell.swift */,
				63DEED112C21BA5700E003B4 /* ClassifiedAddCollectionViewModelCell.swift */,
			);
			path = Loaded;
			sourceTree = "<group>";
		};
		63DEED082C21088600E003B4 /* Error */ = {
			isa = PBXGroup;
			children = (
			);
			path = Error;
			sourceTree = "<group>";
		};
		63DEED092C21088B00E003B4 /* Loading */ = {
			isa = PBXGroup;
			children = (
			);
			path = Loading;
			sourceTree = "<group>";
		};
		63DEED102C2127DB00E003B4 /* Models */ = {
			isa = PBXGroup;
			children = (
				63DEED0E2C2127C800E003B4 /* ClassifiedAddUIModel.swift */,
			);
			path = Models;
			sourceTree = "<group>";
		};
		63DEED152C21BF8100E003B4 /* ImageDataSource */ = {
			isa = PBXGroup;
			children = (
				63DEED162C21BF9700E003B4 /* ImageDataSource.swift */,
				63DEED182C21BFCF00E003B4 /* RemoteImageDataSource.swift */,
			);
			path = ImageDataSource;
			sourceTree = "<group>";
		};
/* End PBXGroup section */

/* Begin PBXNativeTarget section */
		63A7DD562C1DAAC600C2F9D2 /* ListingLeboncoin */ = {
			isa = PBXNativeTarget;
			buildConfigurationList = 63A7DD812C1DAAC700C2F9D2 /* Build configuration list for PBXNativeTarget "ListingLeboncoin" */;
			buildPhases = (
				63A7DD532C1DAAC600C2F9D2 /* Sources */,
				63A7DD542C1DAAC600C2F9D2 /* Frameworks */,
				63A7DD552C1DAAC600C2F9D2 /* Resources */,
			);
			buildRules = (
			);
			dependencies = (
			);
			name = ListingLeboncoin;
			productName = ListingLeboncoin;
			productReference = 63A7DD572C1DAAC600C2F9D2 /* ListingLeboncoin.app */;
			productType = "com.apple.product-type.application";
		};
		63A7DD6C2C1DAAC700C2F9D2 /* ListingLeboncoinTests */ = {
			isa = PBXNativeTarget;
			buildConfigurationList = 63A7DD842C1DAAC700C2F9D2 /* Build configuration list for PBXNativeTarget "ListingLeboncoinTests" */;
			buildPhases = (
				63A7DD692C1DAAC700C2F9D2 /* Sources */,
				63A7DD6A2C1DAAC700C2F9D2 /* Frameworks */,
				63A7DD6B2C1DAAC700C2F9D2 /* Resources */,
			);
			buildRules = (
			);
			dependencies = (
				63A7DD6F2C1DAAC700C2F9D2 /* PBXTargetDependency */,
			);
			name = ListingLeboncoinTests;
			productName = ListingLeboncoinTests;
			productReference = 63A7DD6D2C1DAAC700C2F9D2 /* ListingLeboncoinTests.xctest */;
			productType = "com.apple.product-type.bundle.unit-test";
		};
/* End PBXNativeTarget section */

/* Begin PBXProject section */
		63A7DD4F2C1DAAC600C2F9D2 /* Project object */ = {
			isa = PBXProject;
			attributes = {
				BuildIndependentTargetsInParallel = 1;
				LastSwiftUpdateCheck = 1600;
				LastUpgradeCheck = 1600;
				TargetAttributes = {
					63A7DD562C1DAAC600C2F9D2 = {
						CreatedOnToolsVersion = 16.0;
					};
					63A7DD6C2C1DAAC700C2F9D2 = {
						CreatedOnToolsVersion = 16.0;
						TestTargetID = 63A7DD562C1DAAC600C2F9D2;
					};
				};
			};
			buildConfigurationList = 63A7DD522C1DAAC600C2F9D2 /* Build configuration list for PBXProject "ListingLeboncoin" */;
			compatibilityVersion = "Xcode 15.0";
			developmentRegion = en;
			hasScannedForEncodings = 0;
			knownRegions = (
				en,
				Base,
			);
			mainGroup = 63A7DD4E2C1DAAC600C2F9D2;
			productRefGroup = 63A7DD582C1DAAC600C2F9D2 /* Products */;
			projectDirPath = "";
			projectRoot = "";
			targets = (
				63A7DD562C1DAAC600C2F9D2 /* ListingLeboncoin */,
				63A7DD6C2C1DAAC700C2F9D2 /* ListingLeboncoinTests */,
			);
		};
/* End PBXProject section */

/* Begin PBXResourcesBuildPhase section */
		63A7DD552C1DAAC600C2F9D2 /* Resources */ = {
			isa = PBXResourcesBuildPhase;
			buildActionMask = 2147483647;
			files = (
				63A7DD642C1DAAC700C2F9D2 /* Assets.xcassets in Resources */,
				63A7DD672C1DAAC700C2F9D2 /* Base in Resources */,
			);
			runOnlyForDeploymentPostprocessing = 0;
		};
		63A7DD6B2C1DAAC700C2F9D2 /* Resources */ = {
			isa = PBXResourcesBuildPhase;
			buildActionMask = 2147483647;
			files = (
			);
			runOnlyForDeploymentPostprocessing = 0;
		};
/* End PBXResourcesBuildPhase section */

/* Begin PBXSourcesBuildPhase section */
		63A7DD532C1DAAC600C2F9D2 /* Sources */ = {
			isa = PBXSourcesBuildPhase;
			buildActionMask = 2147483647;
			files = (
				63DEECFE2C20E22700E003B4 /* ClassifiedAddViewController.swift in Sources */,
				63A7DD9B2C1DEDEC00C2F9D2 /* CategoryDataModel.swift in Sources */,
				63DEECFA2C1E36D100E003B4 /* ListingViewController.swift in Sources */,
				63A7DD902C1DC8C700C2F9D2 /* NetworkClient.swift in Sources */,
				63DEED0B2C2108D500E003B4 /* ClassifiedAddCollectionViewCell.swift in Sources */,
				63DEECFC2C1F394400E003B4 /* AppSplitViewController.swift in Sources */,
				63DEED012C20F81100E003B4 /* ListingViewModel.swift in Sources */,
				63A7DD9E2C1DEF4500C2F9D2 /* ListingDataSource.swift in Sources */,
				63DEED142C21BF5000E003B4 /* RemoteCategoriesDataSource.swift in Sources */,
				63A7DD992C1DEDD600C2F9D2 /* ClassifiedAddDataModel.swift in Sources */,
				63DEED192C21BFCF00E003B4 /* RemoteImageDataSource.swift in Sources */,
				63DEECEF2C1DF7F800E003B4 /* CategoriesDataSource.swift in Sources */,
				63A7DD5F2C1DAAC600C2F9D2 /* EmptyViewController.swift in Sources */,
				63A7DD5B2C1DAAC600C2F9D2 /* AppDelegate.swift in Sources */,
				63DEED0F2C2127C800E003B4 /* ClassifiedAddUIModel.swift in Sources */,
				63DEECF62C1E079700E003B4 /* ClassifiedAddsDomainMapper.swift in Sources */,
				63DEED1B2C21C17200E003B4 /* ImageRepository.swift in Sources */,
				63A7DD922C1DC8F700C2F9D2 /* URLSessionNetworkClient.swift in Sources */,
				63DEED042C20FA4200E003B4 /* ListingLoadedCollectionViewController.swift in Sources */,
				63DEECF12C1DFDAD00E003B4 /* ListingRepository.swift in Sources */,
				63A7DD972C1DEDC400C2F9D2 /* ImagesURL.swift in Sources */,
				63DEED172C21BF9C00E003B4 /* ImageDataSource.swift in Sources */,
				63DEECF32C1DFEAC00E003B4 /* ClassifiedAddDomainModel.swift in Sources */,
				63DEED0D2C211EED00E003B4 /* ListingUseCase.swift in Sources */,
				63A7DD5D2C1DAAC600C2F9D2 /* SceneDelegate.swift in Sources */,
				63DEED1D2C21C20600E003B4 /* ImageUseCase.swift in Sources */,
				63A7DDA02C1DEF5800C2F9D2 /* RemoteListingDataSource.swift in Sources */,
				63DEED122C21BA5700E003B4 /* ClassifiedAddCollectionViewModelCell.swift in Sources */,
			);
			runOnlyForDeploymentPostprocessing = 0;
		};
		63A7DD692C1DAAC700C2F9D2 /* Sources */ = {
			isa = PBXSourcesBuildPhase;
			buildActionMask = 2147483647;
			files = (
				63A7DD722C1DAAC700C2F9D2 /* ListingLeboncoinTests.swift in Sources */,
			);
			runOnlyForDeploymentPostprocessing = 0;
		};
/* End PBXSourcesBuildPhase section */

/* Begin PBXTargetDependency section */
		63A7DD6F2C1DAAC700C2F9D2 /* PBXTargetDependency */ = {
			isa = PBXTargetDependency;
			target = 63A7DD562C1DAAC600C2F9D2 /* ListingLeboncoin */;
			targetProxy = 63A7DD6E2C1DAAC700C2F9D2 /* PBXContainerItemProxy */;
		};
/* End PBXTargetDependency section */

/* Begin PBXVariantGroup section */
		63A7DD652C1DAAC700C2F9D2 /* LaunchScreen.storyboard */ = {
			isa = PBXVariantGroup;
			children = (
				63A7DD662C1DAAC700C2F9D2 /* Base */,
			);
			name = LaunchScreen.storyboard;
			sourceTree = "<group>";
		};
/* End PBXVariantGroup section */

/* Begin XCBuildConfiguration section */
		63A7DD7F2C1DAAC700C2F9D2 /* Debug */ = {
			isa = XCBuildConfiguration;
			buildSettings = {
				ALWAYS_SEARCH_USER_PATHS = NO;
				ASSETCATALOG_COMPILER_GENERATE_SWIFT_ASSET_SYMBOL_EXTENSIONS = YES;
				CLANG_ANALYZER_NONNULL = YES;
				CLANG_ANALYZER_NUMBER_OBJECT_CONVERSION = YES_AGGRESSIVE;
				CLANG_CXX_LANGUAGE_STANDARD = "gnu++20";
				CLANG_ENABLE_MODULES = YES;
				CLANG_ENABLE_OBJC_ARC = YES;
				CLANG_ENABLE_OBJC_WEAK = YES;
				CLANG_WARN_BLOCK_CAPTURE_AUTORELEASING = YES;
				CLANG_WARN_BOOL_CONVERSION = YES;
				CLANG_WARN_COMMA = YES;
				CLANG_WARN_CONSTANT_CONVERSION = YES;
				CLANG_WARN_DEPRECATED_OBJC_IMPLEMENTATIONS = YES;
				CLANG_WARN_DIRECT_OBJC_ISA_USAGE = YES_ERROR;
				CLANG_WARN_DOCUMENTATION_COMMENTS = YES;
				CLANG_WARN_EMPTY_BODY = YES;
				CLANG_WARN_ENUM_CONVERSION = YES;
				CLANG_WARN_INFINITE_RECURSION = YES;
				CLANG_WARN_INT_CONVERSION = YES;
				CLANG_WARN_NON_LITERAL_NULL_CONVERSION = YES;
				CLANG_WARN_OBJC_IMPLICIT_RETAIN_SELF = YES;
				CLANG_WARN_OBJC_LITERAL_CONVERSION = YES;
				CLANG_WARN_OBJC_ROOT_CLASS = YES_ERROR;
				CLANG_WARN_QUOTED_INCLUDE_IN_FRAMEWORK_HEADER = YES;
				CLANG_WARN_RANGE_LOOP_ANALYSIS = YES;
				CLANG_WARN_STRICT_PROTOTYPES = YES;
				CLANG_WARN_SUSPICIOUS_MOVE = YES;
				CLANG_WARN_UNGUARDED_AVAILABILITY = YES_AGGRESSIVE;
				CLANG_WARN_UNREACHABLE_CODE = YES;
				CLANG_WARN__DUPLICATE_METHOD_MATCH = YES;
				COPY_PHASE_STRIP = NO;
				DEBUG_INFORMATION_FORMAT = dwarf;
				ENABLE_STRICT_OBJC_MSGSEND = YES;
				ENABLE_TESTABILITY = YES;
				ENABLE_USER_SCRIPT_SANDBOXING = YES;
				GCC_C_LANGUAGE_STANDARD = gnu17;
				GCC_DYNAMIC_NO_PIC = NO;
				GCC_NO_COMMON_BLOCKS = YES;
				GCC_OPTIMIZATION_LEVEL = 0;
				GCC_PREPROCESSOR_DEFINITIONS = (
					"DEBUG=1",
					"$(inherited)",
				);
				GCC_WARN_64_TO_32_BIT_CONVERSION = YES;
				GCC_WARN_ABOUT_RETURN_TYPE = YES_ERROR;
				GCC_WARN_UNDECLARED_SELECTOR = YES;
				GCC_WARN_UNINITIALIZED_AUTOS = YES_AGGRESSIVE;
				GCC_WARN_UNUSED_FUNCTION = YES;
				GCC_WARN_UNUSED_VARIABLE = YES;
				IPHONEOS_DEPLOYMENT_TARGET = 18.0;
				LOCALIZATION_PREFERS_STRING_CATALOGS = YES;
				MTL_ENABLE_DEBUG_INFO = INCLUDE_SOURCE;
				MTL_FAST_MATH = YES;
				ONLY_ACTIVE_ARCH = YES;
				SDKROOT = iphoneos;
				SWIFT_ACTIVE_COMPILATION_CONDITIONS = "DEBUG $(inherited)";
				SWIFT_OPTIMIZATION_LEVEL = "-Onone";
			};
			name = Debug;
		};
		63A7DD802C1DAAC700C2F9D2 /* Release */ = {
			isa = XCBuildConfiguration;
			buildSettings = {
				ALWAYS_SEARCH_USER_PATHS = NO;
				ASSETCATALOG_COMPILER_GENERATE_SWIFT_ASSET_SYMBOL_EXTENSIONS = YES;
				CLANG_ANALYZER_NONNULL = YES;
				CLANG_ANALYZER_NUMBER_OBJECT_CONVERSION = YES_AGGRESSIVE;
				CLANG_CXX_LANGUAGE_STANDARD = "gnu++20";
				CLANG_ENABLE_MODULES = YES;
				CLANG_ENABLE_OBJC_ARC = YES;
				CLANG_ENABLE_OBJC_WEAK = YES;
				CLANG_WARN_BLOCK_CAPTURE_AUTORELEASING = YES;
				CLANG_WARN_BOOL_CONVERSION = YES;
				CLANG_WARN_COMMA = YES;
				CLANG_WARN_CONSTANT_CONVERSION = YES;
				CLANG_WARN_DEPRECATED_OBJC_IMPLEMENTATIONS = YES;
				CLANG_WARN_DIRECT_OBJC_ISA_USAGE = YES_ERROR;
				CLANG_WARN_DOCUMENTATION_COMMENTS = YES;
				CLANG_WARN_EMPTY_BODY = YES;
				CLANG_WARN_ENUM_CONVERSION = YES;
				CLANG_WARN_INFINITE_RECURSION = YES;
				CLANG_WARN_INT_CONVERSION = YES;
				CLANG_WARN_NON_LITERAL_NULL_CONVERSION = YES;
				CLANG_WARN_OBJC_IMPLICIT_RETAIN_SELF = YES;
				CLANG_WARN_OBJC_LITERAL_CONVERSION = YES;
				CLANG_WARN_OBJC_ROOT_CLASS = YES_ERROR;
				CLANG_WARN_QUOTED_INCLUDE_IN_FRAMEWORK_HEADER = YES;
				CLANG_WARN_RANGE_LOOP_ANALYSIS = YES;
				CLANG_WARN_STRICT_PROTOTYPES = YES;
				CLANG_WARN_SUSPICIOUS_MOVE = YES;
				CLANG_WARN_UNGUARDED_AVAILABILITY = YES_AGGRESSIVE;
				CLANG_WARN_UNREACHABLE_CODE = YES;
				CLANG_WARN__DUPLICATE_METHOD_MATCH = YES;
				COPY_PHASE_STRIP = NO;
				DEBUG_INFORMATION_FORMAT = "dwarf-with-dsym";
				ENABLE_NS_ASSERTIONS = NO;
				ENABLE_STRICT_OBJC_MSGSEND = YES;
				ENABLE_USER_SCRIPT_SANDBOXING = YES;
				GCC_C_LANGUAGE_STANDARD = gnu17;
				GCC_NO_COMMON_BLOCKS = YES;
				GCC_WARN_64_TO_32_BIT_CONVERSION = YES;
				GCC_WARN_ABOUT_RETURN_TYPE = YES_ERROR;
				GCC_WARN_UNDECLARED_SELECTOR = YES;
				GCC_WARN_UNINITIALIZED_AUTOS = YES_AGGRESSIVE;
				GCC_WARN_UNUSED_FUNCTION = YES;
				GCC_WARN_UNUSED_VARIABLE = YES;
				IPHONEOS_DEPLOYMENT_TARGET = 18.0;
				LOCALIZATION_PREFERS_STRING_CATALOGS = YES;
				MTL_ENABLE_DEBUG_INFO = NO;
				MTL_FAST_MATH = YES;
				SDKROOT = iphoneos;
				SWIFT_COMPILATION_MODE = wholemodule;
				VALIDATE_PRODUCT = YES;
			};
			name = Release;
		};
		63A7DD822C1DAAC700C2F9D2 /* Debug */ = {
			isa = XCBuildConfiguration;
			buildSettings = {
				ASSETCATALOG_COMPILER_APPICON_NAME = AppIcon;
				ASSETCATALOG_COMPILER_GLOBAL_ACCENT_COLOR_NAME = AccentColor;
				CODE_SIGN_STYLE = Automatic;
				CURRENT_PROJECT_VERSION = 1;
				DEVELOPMENT_TEAM = 2A5YUK4FF9;
				GENERATE_INFOPLIST_FILE = YES;
				INFOPLIST_FILE = ListingLeboncoin/Info.plist;
				INFOPLIST_KEY_UIApplicationSupportsIndirectInputEvents = YES;
				INFOPLIST_KEY_UILaunchStoryboardName = LaunchScreen;
				INFOPLIST_KEY_UISupportedInterfaceOrientations_iPad = "UIInterfaceOrientationPortrait UIInterfaceOrientationPortraitUpsideDown UIInterfaceOrientationLandscapeLeft UIInterfaceOrientationLandscapeRight";
				INFOPLIST_KEY_UISupportedInterfaceOrientations_iPhone = "UIInterfaceOrientationPortrait UIInterfaceOrientationLandscapeLeft UIInterfaceOrientationLandscapeRight";
				IPHONEOS_DEPLOYMENT_TARGET = 14.0;
				LD_RUNPATH_SEARCH_PATHS = (
					"$(inherited)",
					"@executable_path/Frameworks",
				);
				MARKETING_VERSION = 1.0;
				PRODUCT_BUNDLE_IDENTIFIER = zonbuz.com.ListingLeboncoin;
				PRODUCT_NAME = "$(TARGET_NAME)";
				SUPPORTED_PLATFORMS = "iphoneos iphonesimulator";
				SUPPORTS_MACCATALYST = NO;
				SUPPORTS_MAC_DESIGNED_FOR_IPHONE_IPAD = NO;
				SUPPORTS_XR_DESIGNED_FOR_IPHONE_IPAD = NO;
				SWIFT_EMIT_LOC_STRINGS = YES;
				SWIFT_VERSION = 5.0;
				TARGETED_DEVICE_FAMILY = "1,2";
			};
			name = Debug;
		};
		63A7DD832C1DAAC700C2F9D2 /* Release */ = {
			isa = XCBuildConfiguration;
			buildSettings = {
				ASSETCATALOG_COMPILER_APPICON_NAME = AppIcon;
				ASSETCATALOG_COMPILER_GLOBAL_ACCENT_COLOR_NAME = AccentColor;
				CODE_SIGN_STYLE = Automatic;
				CURRENT_PROJECT_VERSION = 1;
				DEVELOPMENT_TEAM = 2A5YUK4FF9;
				GENERATE_INFOPLIST_FILE = YES;
				INFOPLIST_FILE = ListingLeboncoin/Info.plist;
				INFOPLIST_KEY_UIApplicationSupportsIndirectInputEvents = YES;
				INFOPLIST_KEY_UILaunchStoryboardName = LaunchScreen;
				INFOPLIST_KEY_UISupportedInterfaceOrientations_iPad = "UIInterfaceOrientationPortrait UIInterfaceOrientationPortraitUpsideDown UIInterfaceOrientationLandscapeLeft UIInterfaceOrientationLandscapeRight";
				INFOPLIST_KEY_UISupportedInterfaceOrientations_iPhone = "UIInterfaceOrientationPortrait UIInterfaceOrientationLandscapeLeft UIInterfaceOrientationLandscapeRight";
				IPHONEOS_DEPLOYMENT_TARGET = 14.0;
				LD_RUNPATH_SEARCH_PATHS = (
					"$(inherited)",
					"@executable_path/Frameworks",
				);
				MARKETING_VERSION = 1.0;
				PRODUCT_BUNDLE_IDENTIFIER = zonbuz.com.ListingLeboncoin;
				PRODUCT_NAME = "$(TARGET_NAME)";
				SUPPORTED_PLATFORMS = "iphoneos iphonesimulator";
				SUPPORTS_MACCATALYST = NO;
				SUPPORTS_MAC_DESIGNED_FOR_IPHONE_IPAD = NO;
				SUPPORTS_XR_DESIGNED_FOR_IPHONE_IPAD = NO;
				SWIFT_EMIT_LOC_STRINGS = YES;
				SWIFT_VERSION = 5.0;
				TARGETED_DEVICE_FAMILY = "1,2";
			};
			name = Release;
		};
		63A7DD852C1DAAC700C2F9D2 /* Debug */ = {
			isa = XCBuildConfiguration;
			buildSettings = {
				BUNDLE_LOADER = "$(TEST_HOST)";
				CODE_SIGN_STYLE = Automatic;
				CURRENT_PROJECT_VERSION = 1;
				DEVELOPMENT_TEAM = 2A5YUK4FF9;
				GENERATE_INFOPLIST_FILE = YES;
				IPHONEOS_DEPLOYMENT_TARGET = 14;
				MARKETING_VERSION = 1.0;
				PRODUCT_BUNDLE_IDENTIFIER = zonbuz.com.ListingLeboncoinTests;
				PRODUCT_NAME = "$(TARGET_NAME)";
				SUPPORTED_PLATFORMS = "iphoneos iphonesimulator";
				SUPPORTS_MACCATALYST = NO;
				SUPPORTS_MAC_DESIGNED_FOR_IPHONE_IPAD = NO;
				SUPPORTS_XR_DESIGNED_FOR_IPHONE_IPAD = NO;
				SWIFT_EMIT_LOC_STRINGS = NO;
				SWIFT_VERSION = 5.0;
				TARGETED_DEVICE_FAMILY = "1,2";
				TEST_HOST = "$(BUILT_PRODUCTS_DIR)/ListingLeboncoin.app/$(BUNDLE_EXECUTABLE_FOLDER_PATH)/ListingLeboncoin";
			};
			name = Debug;
		};
		63A7DD862C1DAAC700C2F9D2 /* Release */ = {
			isa = XCBuildConfiguration;
			buildSettings = {
				BUNDLE_LOADER = "$(TEST_HOST)";
				CODE_SIGN_STYLE = Automatic;
				CURRENT_PROJECT_VERSION = 1;
				DEVELOPMENT_TEAM = 2A5YUK4FF9;
				GENERATE_INFOPLIST_FILE = YES;
				IPHONEOS_DEPLOYMENT_TARGET = 14;
				MARKETING_VERSION = 1.0;
				PRODUCT_BUNDLE_IDENTIFIER = zonbuz.com.ListingLeboncoinTests;
				PRODUCT_NAME = "$(TARGET_NAME)";
				SUPPORTED_PLATFORMS = "iphoneos iphonesimulator";
				SUPPORTS_MACCATALYST = NO;
				SUPPORTS_MAC_DESIGNED_FOR_IPHONE_IPAD = NO;
				SUPPORTS_XR_DESIGNED_FOR_IPHONE_IPAD = NO;
				SWIFT_EMIT_LOC_STRINGS = NO;
				SWIFT_VERSION = 5.0;
				TARGETED_DEVICE_FAMILY = "1,2";
				TEST_HOST = "$(BUILT_PRODUCTS_DIR)/ListingLeboncoin.app/$(BUNDLE_EXECUTABLE_FOLDER_PATH)/ListingLeboncoin";
			};
			name = Release;
		};
/* End XCBuildConfiguration section */

/* Begin XCConfigurationList section */
		63A7DD522C1DAAC600C2F9D2 /* Build configuration list for PBXProject "ListingLeboncoin" */ = {
			isa = XCConfigurationList;
			buildConfigurations = (
				63A7DD7F2C1DAAC700C2F9D2 /* Debug */,
				63A7DD802C1DAAC700C2F9D2 /* Release */,
			);
			defaultConfigurationIsVisible = 0;
			defaultConfigurationName = Release;
		};
		63A7DD812C1DAAC700C2F9D2 /* Build configuration list for PBXNativeTarget "ListingLeboncoin" */ = {
			isa = XCConfigurationList;
			buildConfigurations = (
				63A7DD822C1DAAC700C2F9D2 /* Debug */,
				63A7DD832C1DAAC700C2F9D2 /* Release */,
			);
			defaultConfigurationIsVisible = 0;
			defaultConfigurationName = Release;
		};
		63A7DD842C1DAAC700C2F9D2 /* Build configuration list for PBXNativeTarget "ListingLeboncoinTests" */ = {
			isa = XCConfigurationList;
			buildConfigurations = (
				63A7DD852C1DAAC700C2F9D2 /* Debug */,
				63A7DD862C1DAAC700C2F9D2 /* Release */,
			);
			defaultConfigurationIsVisible = 0;
			defaultConfigurationName = Release;
		};
/* End XCConfigurationList section */
	};
	rootObject = 63A7DD4F2C1DAAC600C2F9D2 /* Project object */;
}
